
Microsoft Visual Studio Solution File, Format Version 12.00
# Visual Studio Version 16
VisualStudioVersion = 16.0.31424.327
MinimumVisualStudioVersion = 10.0.40219.1
Project("{FAE04EC0-301F-11D3-BF4B-00C04F79EFBC}") = "ASPForm1", "ASPForm1\ASPForm1.csproj", "{C90A8276-C7BB-4A23-9974-28E918392303}"
EndProject
Global
	GlobalSection(SolutionConfigurationPlatforms) = preSolution
		Debug|Any CPU = Debug|Any CPU
		Release|Any CPU = Release|Any CPU
	EndGlobalSection
	GlobalSection(ProjectConfigurationPlatforms) = postSolution
		{C90A8276-C7BB-4A23-9974-28E918392303}.Debug|Any CPU.ActiveCfg = Debug|Any CPU
		{C90A8276-C7BB-4A23-9974-28E918392303}.Debug|Any CPU.Build.0 = Debug|Any CPU
		{C90A8276-C7BB-4A23-9974-28E918392303}.Release|Any CPU.ActiveCfg = Release|Any CPU
		{C90A8276-C7BB-4A23-9974-28E918392303}.Release|Any CPU.Build.0 = Release|Any CPU
	EndGlobalSection
	GlobalSection(SolutionProperties) = preSolution
		HideSolutionNode = FALSE
	EndGlobalSection
	GlobalSection(ExtensibilityGlobals) = postSolution
		SolutionGuid = {E518B658-08B4-4CA9-AAF9-E6CADC2AAF56}
	EndGlobalSection
EndGlobal
